
Microsoft Visual Studio Solution File, Format Version 12.00
# Visual Studio Version 16
VisualStudioVersion = 16.0.31624.102
MinimumVisualStudioVersion = 10.0.40219.1
Project("{FAE04EC0-301F-11D3-BF4B-00C04F79EFBC}") = "OnlineEditor", "OnlineEditor\OnlineEditor.csproj", "{8A0776E3-376E-466E-AF34-ECA28D73BD36}"
EndProject
Global
	GlobalSection(SolutionConfigurationPlatforms) = preSolution
		Debug|Any CPU = Debug|Any CPU
		Release|Any CPU = Release|Any CPU
	EndGlobalSection
	GlobalSection(ProjectConfigurationPlatforms) = postSolution
		{8A0776E3-376E-466E-AF34-ECA28D73BD36}.Debug|Any CPU.ActiveCfg = Debug|Any CPU
		{8A0776E3-376E-466E-AF34-ECA28D73BD36}.Debug|Any CPU.Build.0 = Debug|Any CPU
		{8A0776E3-376E-466E-AF34-ECA28D73BD36}.Release|Any CPU.ActiveCfg = Release|Any CPU
		{8A0776E3-376E-466E-AF34-ECA28D73BD36}.Release|Any CPU.Build.0 = Release|Any CPU
	EndGlobalSection
	GlobalSection(SolutionProperties) = preSolution
		HideSolutionNode = FALSE
	EndGlobalSection
	GlobalSection(ExtensibilityGlobals) = postSolution
		SolutionGuid = {4E6421D0-5E89-47BB-B988-90B39801F86F}
	EndGlobalSection
EndGlobal
